// !$*UTF8*$!
{
	archiveVersion = 1;
	classes = {
	};
	objectVersion = 50;
	objects = {

/* Begin PBXBuildFile section */
		1B751CB12320FA7C002F5F24 /* AppDelegate.swift in Sources */ = {isa = PBXBuildFile; fileRef = 1B751CB02320FA7C002F5F24 /* AppDelegate.swift */; };
		1B751CB32320FA7C002F5F24 /* ViewController.swift in Sources */ = {isa = PBXBuildFile; fileRef = 1B751CB22320FA7C002F5F24 /* ViewController.swift */; };
		1B751CB62320FA7C002F5F24 /* Main.storyboard in Resources */ = {isa = PBXBuildFile; fileRef = 1B751CB42320FA7C002F5F24 /* Main.storyboard */; };
		1B751CB92320FA7C002F5F24 /* CoppertinoApp.xcdatamodeld in Sources */ = {isa = PBXBuildFile; fileRef = 1B751CB72320FA7C002F5F24 /* CoppertinoApp.xcdatamodeld */; };
		1B751CBB2320FA7E002F5F24 /* Assets.xcassets in Resources */ = {isa = PBXBuildFile; fileRef = 1B751CBA2320FA7E002F5F24 /* Assets.xcassets */; };
		1B751CBE2320FA7E002F5F24 /* LaunchScreen.storyboard in Resources */ = {isa = PBXBuildFile; fileRef = 1B751CBC2320FA7E002F5F24 /* LaunchScreen.storyboard */; };
/* End PBXBuildFile section */

/* Begin PBXFileReference section */
		1B751CAD2320FA7C002F5F24 /* CoppertinoApp.app */ = {isa = PBXFileReference; explicitFileType = wrapper.application; includeInIndex = 0; path = CoppertinoApp.app; sourceTree = BUILT_PRODUCTS_DIR; };
		1B751CB02320FA7C002F5F24 /* AppDelegate.swift */ = {isa = PBXFileReference; lastKnownFileType = sourcecode.swift; path = AppDelegate.swift; sourceTree = "<group>"; };
		1B751CB22320FA7C002F5F24 /* ViewController.swift */ = {isa = PBXFileReference; lastKnownFileType = sourcecode.swift; path = ViewController.swift; sourceTree = "<group>"; };
		1B751CB52320FA7C002F5F24 /* Base */ = {isa = PBXFileReference; lastKnownFileType = file.storyboard; name = Base; path = Base.lproj/Main.storyboard; sourceTree = "<group>"; };
		1B751CB82320FA7C002F5F24 /* CoppertinoApp.xcdatamodel */ = {isa = PBXFileReference; lastKnownFileType = wrapper.xcdatamodel; path = CoppertinoApp.xcdatamodel; sourceTree = "<group>"; };
		1B751CBA2320FA7E002F5F24 /* Assets.xcassets */ = {isa = PBXFileReference; lastKnownFileType = folder.assetcatalog; path = Assets.xcassets; sourceTree = "<group>"; };
		1B751CBD2320FA7E002F5F24 /* Base */ = {isa = PBXFileReference; lastKnownFileType = file.storyboard; name = Base; path = Base.lproj/LaunchScreen.storyboard; sourceTree = "<group>"; };
		1B751CBF2320FA7E002F5F24 /* Info.plist */ = {isa = PBXFileReference; lastKnownFileType = text.plist.xml; path = Info.plist; sourceTree = "<group>"; };
/* End PBXFileReference section */

/* Begin PBXFrameworksBuildPhase section */
		1B751CAA2320FA7C002F5F24 /* Frameworks */ = {
			isa = PBXFrameworksBuildPhase;
			buildActionMask = 2147483647;
			files = (
			);
			runOnlyForDeploymentPostprocessing = 0;
		};
/* End PBXFrameworksBuildPhase section */

/* Begin PBXGroup section */
		1B751CA42320FA7C002F5F24 = {
			isa = PBXGroup;
			children = (
				1B751CAF2320FA7C002F5F24 /* CoppertinoApp */,
				1B751CAE2320FA7C002F5F24 /* Products */,
			);
			sourceTree = "<group>";
		};
		1B751CAE2320FA7C002F5F24 /* Products */ = {
			isa = PBXGroup;
			children = (
				1B751CAD2320FA7C002F5F24 /* CoppertinoApp.app */,
			);
			name = Products;
			sourceTree = "<group>";
		};
		1B751CAF2320FA7C002F5F24 /* CoppertinoApp */ = {
			isa = PBXGroup;
			children = (
				1B751CB02320FA7C002F5F24 /* AppDelegate.swift */,
				1B751CB22320FA7C002F5F24 /* ViewController.swift */,
				1B751CB42320FA7C002F5F24 /* Main.storyboard */,
				1B751CBA2320FA7E002F5F24 /* Assets.xcassets */,
				1B751CBC2320FA7E002F5F24 /* LaunchScreen.storyboard */,
				1B751CBF2320FA7E002F5F24 /* Info.plist */,
				1B751CB72320FA7C002F5F24 /* CoppertinoApp.xcdatamodeld */,
			);
			path = CoppertinoApp;
			sourceTree = "<group>";
		};
/* End PBXGroup section */

/* Begin PBXNativeTarget section */
		1B751CAC2320FA7C002F5F24 /* CoppertinoApp */ = {
			isa = PBXNativeTarget;
			buildConfigurationList = 1B751CC22320FA7E002F5F24 /* Build configuration list for PBXNativeTarget "CoppertinoApp" */;
			buildPhases = (
				1B751CA92320FA7C002F5F24 /* Sources */,
				1B751CAA2320FA7C002F5F24 /* Frameworks */,
				1B751CAB2320FA7C002F5F24 /* Resources */,
			);
			buildRules = (
			);
			dependencies = (
			);
			name = CoppertinoApp;
			productName = CoppertinoApp;
			productReference = 1B751CAD2320FA7C002F5F24 /* CoppertinoApp.app */;
			productType = "com.apple.product-type.application";
		};
/* End PBXNativeTarget section */

/* Begin PBXProject section */
		1B751CA52320FA7C002F5F24 /* Project object */ = {
			isa = PBXProject;
			attributes = {
				LastSwiftUpdateCheck = 1030;
				LastUpgradeCheck = 1030;
				ORGANIZATIONNAME = "Yura Velko";
				TargetAttributes = {
					1B751CAC2320FA7C002F5F24 = {
						CreatedOnToolsVersion = 10.3;
					};
				};
			};
			buildConfigurationList = 1B751CA82320FA7C002F5F24 /* Build configuration list for PBXProject "CoppertinoApp" */;
			compatibilityVersion = "Xcode 9.3";
			developmentRegion = en;
			hasScannedForEncodings = 0;
			knownRegions = (
				en,
				Base,
			);
			mainGroup = 1B751CA42320FA7C002F5F24;
			productRefGroup = 1B751CAE2320FA7C002F5F24 /* Products */;
			projectDirPath = "";
			projectRoot = "";
			targets = (
				1B751CAC2320FA7C002F5F24 /* CoppertinoApp */,
			);
		};
/* End PBXProject section */

/* Begin PBXResourcesBuildPhase section */
		1B751CAB2320FA7C002F5F24 /* Resources */ = {
			isa = PBXResourcesBuildPhase;
			buildActionMask = 2147483647;
			files = (
				1B751CBE2320FA7E002F5F24 /* LaunchScreen.storyboard in Resources */,
				1B751CBB2320FA7E002F5F24 /* Assets.xcassets in Resources */,
				1B751CB62320FA7C002F5F24 /* Main.storyboard in Resources */,
			);
			runOnlyForDeploymentPostprocessing = 0;
		};
/* End PBXResourcesBuildPhase section */

/* Begin PBXSourcesBuildPhase section */
		1B751CA92320FA7C002F5F24 /* Sources */ = {
			isa = PBXSourcesBuildPhase;
			buildActionMask = 2147483647;
			files = (
				1B751CB32320FA7C002F5F24 /* ViewController.swift in Sources */,
				1B751CB92320FA7C002F5F24 /* CoppertinoApp.xcdatamodeld in Sources */,
				1B751CB12320FA7C002F5F24 /* AppDelegate.swift in Sources */,
			);
			runOnlyForDeploymentPostprocessing = 0;
		};
/* End PBXSourcesBuildPhase section */

/* Begin PBXVariantGroup section */
		1B751CB42320FA7C002F5F24 /* Main.storyboard */ = {
			isa = PBXVariantGroup;
			children = (
				1B751CB52320FA7C002F5F24 /* Base */,
			);
			name = Main.storyboard;
			sourceTree = "<group>";
		};
		1B751CBC2320FA7E002F5F24 /* LaunchScreen.storyboard */ = {
			isa = PBXVariantGroup;
			children = (
				1B751CBD2320FA7E002F5F24 /* Base */,
			);
			name = LaunchScreen.storyboard;
			sourceTree = "<group>";
		};
/* End PBXVariantGroup section */

/* Begin XCBuildConfiguration section */
		1B751CC02320FA7E002F5F24 /* Debug */ = {
			isa = XCBuildConfiguration;
			buildSettings = {
				ALWAYS_SEARCH_USER_PATHS = NO;
				CLANG_ANALYZER_NONNULL = YES;
				CLANG_ANALYZER_NUMBER_OBJECT_CONVERSION = YES_AGGRESSIVE;
				CLANG_CXX_LANGUAGE_STANDARD = "gnu++14";
				CLANG_CXX_LIBRARY = "libc++";
				CLANG_ENABLE_MODULES = YES;
				CLANG_ENABLE_OBJC_ARC = YES;
				CLANG_ENABLE_OBJC_WEAK = YES;
				CLANG_WARN_BLOCK_CAPTURE_AUTORELEASING = YES;
				CLANG_WARN_BOOL_CONVERSION = YES;
				CLANG_WARN_COMMA = YES;
				CLANG_WARN_CONSTANT_CONVERSION = YES;
				CLANG_WARN_DEPRECATED_OBJC_IMPLEMENTATIONS = YES;
				CLANG_WARN_DIRECT_OBJC_ISA_USAGE = YES_ERROR;
				CLANG_WARN_DOCUMENTATION_COMMENTS = YES;
				CLANG_WARN_EMPTY_BODY = YES;
				CLANG_WARN_ENUM_CONVERSION = YES;
				CLANG_WARN_INFINITE_RECURSION = YES;
				CLANG_WARN_INT_CONVERSION = YES;
				CLANG_WARN_NON_LITERAL_NULL_CONVERSION = YES;
				CLANG_WARN_OBJC_IMPLICIT_RETAIN_SELF = YES;
				CLANG_WARN_OBJC_LITERAL_CONVERSION = YES;
				CLANG_WARN_OBJC_ROOT_CLASS = YES_ERROR;
				CLANG_WARN_RANGE_LOOP_ANALYSIS = YES;
				CLANG_WARN_STRICT_PROTOTYPES = YES;
				CLANG_WARN_SUSPICIOUS_MOVE = YES;
				CLANG_WARN_UNGUARDED_AVAILABILITY = YES_AGGRESSIVE;
				CLANG_WARN_UNREACHABLE_CODE = YES;
				CLANG_WARN__DUPLICATE_METHOD_MATCH = YES;
				CODE_SIGN_IDENTITY = "iPhone Developer";
				COPY_PHASE_STRIP = NO;
				DEBUG_INFORMATION_FORMAT = dwarf;
				ENABLE_STRICT_OBJC_MSGSEND = YES;
				ENABLE_TESTABILITY = YES;
				GCC_C_LANGUAGE_STANDARD = gnu11;
				GCC_DYNAMIC_NO_PIC = NO;
				GCC_NO_COMMON_BLOCKS = YES;
				GCC_OPTIMIZATION_LEVEL = 0;
				GCC_PREPROCESSOR_DEFINITIONS = (
					"DEBUG=1",
					"$(inherited)",
				);
				GCC_WARN_64_TO_32_BIT_CONVERSION = YES;
				GCC_WARN_ABOUT_RETURN_TYPE = YES_ERROR;
				GCC_WARN_UNDECLARED_SELECTOR = YES;
				GCC_WARN_UNINITIALIZED_AUTOS = YES_AGGRESSIVE;
				GCC_WARN_UNUSED_FUNCTION = YES;
				GCC_WARN_UNUSED_VARIABLE = YES;
				IPHONEOS_DEPLOYMENT_TARGET = 12.4;
				MTL_ENABLE_DEBUG_INFO = INCLUDE_SOURCE;
				MTL_FAST_MATH = YES;
				ONLY_ACTIVE_ARCH = YES;
				SDKROOT = iphoneos;
				SWIFT_ACTIVE_COMPILATION_CONDITIONS = DEBUG;
				SWIFT_OPTIMIZATION_LEVEL = "-Onone";
			};
			name = Debug;
		};
		1B751CC12320FA7E002F5F24 /* Release */ = {
			isa = XCBuildConfiguration;
			buildSettings = {
				ALWAYS_SEARCH_USER_PATHS = NO;
				CLANG_ANALYZER_NONNULL = YES;
				CLANG_ANALYZER_NUMBER_OBJECT_CONVERSION = YES_AGGRESSIVE;
				CLANG_CXX_LANGUAGE_STANDARD = "gnu++14";
				CLANG_CXX_LIBRARY = "libc++";
				CLANG_ENABLE_MODULES = YES;
				CLANG_ENABLE_OBJC_ARC = YES;
				CLANG_ENABLE_OBJC_WEAK = YES;
				CLANG_WARN_BLOCK_CAPTURE_AUTORELEASING = YES;
				CLANG_WARN_BOOL_CONVERSION = YES;
				CLANG_WARN_COMMA = YES;
				CLANG_WARN_CONSTANT_CONVERSION = YES;
				CLANG_WARN_DEPRECATED_OBJC_IMPLEMENTATIONS = YES;
				CLANG_WARN_DIRECT_OBJC_ISA_USAGE = YES_ERROR;
				CLANG_WARN_DOCUMENTATION_COMMENTS = YES;
				CLANG_WARN_EMPTY_BODY = YES;
				CLANG_WARN_ENUM_CONVERSION = YES;
				CLANG_WARN_INFINITE_RECURSION = YES;
				CLANG_WARN_INT_CONVERSION = YES;
				CLANG_WARN_NON_LITERAL_NULL_CONVERSION = YES;
				CLANG_WARN_OBJC_IMPLICIT_RETAIN_SELF = YES;
				CLANG_WARN_OBJC_LITERAL_CONVERSION = YES;
				CLANG_WARN_OBJC_ROOT_CLASS = YES_ERROR;
				CLANG_WARN_RANGE_LOOP_ANALYSIS = YES;
				CLANG_WARN_STRICT_PROTOTYPES = YES;
				CLANG_WARN_SUSPICIOUS_MOVE = YES;
				CLANG_WARN_UNGUARDED_AVAILABILITY = YES_AGGRESSIVE;
				CLANG_WARN_UNREACHABLE_CODE = YES;
				CLANG_WARN__DUPLICATE_METHOD_MATCH = YES;
				CODE_SIGN_IDENTITY = "iPhone Developer";
				COPY_PHASE_STRIP = NO;
				DEBUG_INFORMATION_FORMAT = "dwarf-with-dsym";
				ENABLE_NS_ASSERTIONS = NO;
				ENABLE_STRICT_OBJC_MSGSEND = YES;
				GCC_C_LANGUAGE_STANDARD = gnu11;
				GCC_NO_COMMON_BLOCKS = YES;
				GCC_WARN_64_TO_32_BIT_CONVERSION = YES;
				GCC_WARN_ABOUT_RETURN_TYPE = YES_ERROR;
				GCC_WARN_UNDECLARED_SELECTOR = YES;
				GCC_WARN_UNINITIALIZED_AUTOS = YES_AGGRESSIVE;
				GCC_WARN_UNUSED_FUNCTION = YES;
				GCC_WARN_UNUSED_VARIABLE = YES;
				IPHONEOS_DEPLOYMENT_TARGET = 12.4;
				MTL_ENABLE_DEBUG_INFO = NO;
				MTL_FAST_MATH = YES;
				SDKROOT = iphoneos;
				SWIFT_COMPILATION_MODE = wholemodule;
				SWIFT_OPTIMIZATION_LEVEL = "-O";
				VALIDATE_PRODUCT = YES;
			};
			name = Release;
		};
		1B751CC32320FA7E002F5F24 /* Debug */ = {
			isa = XCBuildConfiguration;
			buildSettings = {
				ASSETCATALOG_COMPILER_APPICON_NAME = AppIcon;
				CODE_SIGN_STYLE = Automatic;
				DEVELOPMENT_TEAM = 9ZDSY6TDMN;
				INFOPLIST_FILE = CoppertinoApp/Info.plist;
				LD_RUNPATH_SEARCH_PATHS = (
					"$(inherited)",
					"@executable_path/Frameworks",
				);
				PRODUCT_BUNDLE_IDENTIFIER = Beav.CoppertinoApp;
				PRODUCT_NAME = "$(TARGET_NAME)";
				SWIFT_VERSION = 5.0;
				TARGETED_DEVICE_FAMILY = "1,2";
			};
			name = Debug;
		};
		1B751CC42320FA7E002F5F24 /* Release */ = {
			isa = XCBuildConfiguration;
			buildSettings = {
				ASSETCATALOG_COMPILER_APPICON_NAME = AppIcon;
				CODE_SIGN_STYLE = Automatic;
				DEVELOPMENT_TEAM = 9ZDSY6TDMN;
				INFOPLIST_FILE = CoppertinoApp/Info.plist;
				LD_RUNPATH_SEARCH_PATHS = (
					"$(inherited)",
					"@executable_path/Frameworks",
				);
				PRODUCT_BUNDLE_IDENTIFIER = Beav.CoppertinoApp;
				PRODUCT_NAME = "$(TARGET_NAME)";
				SWIFT_VERSION = 5.0;
				TARGETED_DEVICE_FAMILY = "1,2";
			};
			name = Release;
		};
/* End XCBuildConfiguration section */

/* Begin XCConfigurationList section */
		1B751CA82320FA7C002F5F24 /* Build configuration list for PBXProject "CoppertinoApp" */ = {
			isa = XCConfigurationList;
			buildConfigurations = (
				1B751CC02320FA7E002F5F24 /* Debug */,
				1B751CC12320FA7E002F5F24 /* Release */,
			);
			defaultConfigurationIsVisible = 0;
			defaultConfigurationName = Release;
		};
		1B751CC22320FA7E002F5F24 /* Build configuration list for PBXNativeTarget "CoppertinoApp" */ = {
			isa = XCConfigurationList;
			buildConfigurations = (
				1B751CC32320FA7E002F5F24 /* Debug */,
				1B751CC42320FA7E002F5F24 /* Release */,
			);
			defaultConfigurationIsVisible = 0;
			defaultConfigurationName = Release;
		};
/* End XCConfigurationList section */

/* Begin XCVersionGroup section */
		1B751CB72320FA7C002F5F24 /* CoppertinoApp.xcdatamodeld */ = {
			isa = XCVersionGroup;
			children = (
				1B751CB82320FA7C002F5F24 /* CoppertinoApp.xcdatamodel */,
			);
			currentVersion = 1B751CB82320FA7C002F5F24 /* CoppertinoApp.xcdatamodel */;
			path = CoppertinoApp.xcdatamodeld;
			sourceTree = "<group>";
			versionGroupType = wrapper.xcdatamodel;
		};
/* End XCVersionGroup section */
	};
	rootObject = 1B751CA52320FA7C002F5F24 /* Project object */;
}
